lockVersion: 2.0.0
id: 1afd37bc-cea9-4679-ac40-35ad5de414fc
management:
  docChecksum: c1b90542ac6f98c263596129ac680791
  docVersion: 1.0.0
  speakeasyVersion: 1.475.0
  generationVersion: 2.495.1
  releaseVersion: 0.8.1
  configChecksum: 686b370df0fd2871c608b1edadabf696
  repoURL: https://github.com/epilot-dev/terraform-provider-epilot-journey.git
  repoSubDirectory: .
  published: true
features:
  terraform:
    additionalDependencies: 0.1.0
    additionalProperties: 0.1.2
    constsAndDefaults: 0.2.0
    core: 3.28.0
    deprecations: 2.81.1
    envVarSecurityUsage: 0.1.0
    globalSecurity: 2.81.9
    globalServerURLs: 2.82.1
    methodSecurity: 2.82.1
    nullables: 0.0.0
    retries: 2.81.2
generatedFiles:
  - .gitattributes
  - USAGE.md
  - examples/README.md
  - examples/data-sources/epilot-journey_journey/data-source.tf
  - examples/provider/provider.tf
  - examples/resources/epilot-journey_journey/import.sh
  - examples/resources/epilot-journey_journey/resource.tf
  - go.mod
  - go.sum
  - internal/planmodifiers/boolplanmodifier/suppress_diff.go
  - internal/planmodifiers/float64planmodifier/suppress_diff.go
  - internal/planmodifiers/int64planmodifier/suppress_diff.go
  - internal/planmodifiers/listplanmodifier/suppress_diff.go
  - internal/planmodifiers/mapplanmodifier/suppress_diff.go
  - internal/planmodifiers/numberplanmodifier/suppress_diff.go
  - internal/planmodifiers/objectplanmodifier/suppress_diff.go
  - internal/planmodifiers/setplanmodifier/suppress_diff.go
  - internal/planmodifiers/stringplanmodifier/suppress_diff.go
  - internal/planmodifiers/utils/state_check.go
  - internal/provider/journey_data_source.go
  - internal/provider/journey_data_source_sdk.go
  - internal/provider/journey_resource.go
  - internal/provider/journey_resource_sdk.go
  - internal/provider/provider.go
  - internal/provider/reflect/diags.go
  - internal/provider/reflect/doc.go
  - internal/provider/reflect/generic_attr_value.go
  - internal/provider/reflect/helpers.go
  - internal/provider/reflect/interfaces.go
  - internal/provider/reflect/into.go
  - internal/provider/reflect/map.go
  - internal/provider/reflect/number.go
  - internal/provider/reflect/options.go
  - internal/provider/reflect/outof.go
  - internal/provider/reflect/pointer.go
  - internal/provider/reflect/primitive.go
  - internal/provider/reflect/slice.go
  - internal/provider/reflect/struct.go
  - internal/provider/types/journey_creation_request_v2_button.go
  - internal/provider/types/journey_creation_request_v2_context_schema.go
  - internal/provider/types/journey_creation_request_v2_design.go
  - internal/provider/types/journey_creation_request_v2_embed_options.go
  - internal/provider/types/journey_creation_request_v2_rules.go
  - internal/provider/types/journey_creation_request_v2_settings.go
  - internal/provider/utils.go
  - internal/sdk/.gitattributes
  - internal/sdk/internal/hooks/hooks.go
  - internal/sdk/internal/utils/contenttype.go
  - internal/sdk/internal/utils/env.go
  - internal/sdk/internal/utils/form.go
  - internal/sdk/internal/utils/headers.go
  - internal/sdk/internal/utils/json.go
  - internal/sdk/internal/utils/pathparams.go
  - internal/sdk/internal/utils/queryparams.go
  - internal/sdk/internal/utils/requestbody.go
  - internal/sdk/internal/utils/retries.go
  - internal/sdk/internal/utils/security.go
  - internal/sdk/internal/utils/utils.go
  - internal/sdk/journeys.go
  - internal/sdk/journeysv2.go
  - internal/sdk/models/errors/sdkerror.go
  - internal/sdk/models/operations/createjourney.go
  - internal/sdk/models/operations/createjourneyv2.go
  - internal/sdk/models/operations/generatedocument.go
  - internal/sdk/models/operations/getjourney.go
  - internal/sdk/models/operations/getjourneyproducts.go
  - internal/sdk/models/operations/getjourneysbyorgid.go
  - internal/sdk/models/operations/getjourneyv2.go
  - internal/sdk/models/operations/options.go
  - internal/sdk/models/operations/patchupdatejourney.go
  - internal/sdk/models/operations/patchupdatejourneyv2.go
  - internal/sdk/models/operations/removejourney.go
  - internal/sdk/models/operations/removejourneyv2.go
  - internal/sdk/models/operations/searchjourneys.go
  - internal/sdk/models/operations/updatejourney.go
  - internal/sdk/models/operations/updatejourneyv2.go
  - internal/sdk/models/shared/generatedocumentrequest.go
  - internal/sdk/models/shared/generatedocumentresponse.go
  - internal/sdk/models/shared/getjourneysresponse.go
  - internal/sdk/models/shared/journey.go
  - internal/sdk/models/shared/journeycreationrequest.go
  - internal/sdk/models/shared/journeycreationrequestv2.go
  - internal/sdk/models/shared/journeyproductsresponse.go
  - internal/sdk/models/shared/journeyresponse.go
  - internal/sdk/models/shared/patchupdatejourneyrequest.go
  - internal/sdk/models/shared/s3reference.go
  - internal/sdk/models/shared/searchjourneysqueryrequest.go
  - internal/sdk/models/shared/searchjourneysresponse.go
  - internal/sdk/models/shared/security.go
  - internal/sdk/models/shared/templatesettings.go
  - internal/sdk/retry/config.go
  - internal/sdk/sdk.go
  - internal/sdk/types/bigint.go
  - internal/sdk/types/date.go
  - internal/sdk/types/datetime.go
  - internal/sdk/types/decimal.go
  - internal/sdk/types/pointers.go
  - internal/validators/DateValidator.go
  - internal/validators/ExactlyOneChild.go
  - internal/validators/JSONParseValidator.go
  - internal/validators/RFC3339Validator.go
  - internal/validators/boolvalidators/not_null.go
  - internal/validators/float64validators/not_null.go
  - internal/validators/int64validators/not_null.go
  - internal/validators/listvalidators/not_null.go
  - internal/validators/mapvalidators/not_null.go
  - internal/validators/numbervalidators/not_null.go
  - internal/validators/objectvalidators/not_null.go
  - internal/validators/setvalidators/not_null.go
  - internal/validators/stringvalidators/not_null.go
  - main.go
  - terraform-registry-manifest.json
  - tools/tools.go
examples:
  createJourney:
    speakeasy-default-create-journey:
      parameters:
        query:
          skipAutomation: "true"
      responses:
        "201":
          application/json: {"0": "<", "1": "v", "2": "a", "3": "l", "4": "u", "5": "e", "6": ">", "createdAt": "1709314658169", "lastModifiedAt": "<value>", "name": "<value>", "organizationId": "<id>", "revisions": 4411.54, "steps": [{"name": "<value>", "schema": "<value>", "uischema": "<value>"}, {"name": "<value>", "schema": "<value>", "uischema": "<value>"}], "version": 4985.89}
  generateDocument:
    speakeasy-default-generate-document:
      requestBody:
        application/json: {"context_data": {}, "file_id": "1a2b3c4d-5e6f-7g8h-9i0j-1k2l3m4n5o6p", "language": "de"}
      responses:
        "200":
          application/json: {"docx_output": {"output_document": {"s3ref": {"bucket": "document-api-prod", "key": "uploads/my-template.pdf"}}, "preview_url": "https://document-api-prod.s3.eu-central-1.amazonaws.com/preview/my-template-OR-001.docx"}, "pdf_output": {"output_document": {"s3ref": {"bucket": "document-api-prod", "key": "uploads/my-template.pdf"}}, "preview_url": "https://document-api-prod.s3.eu-central-1.amazonaws.com/preview/my-template-OR-001.pdf"}, "template_settings": {"custom_margins": {"bottom": 2.54, "top": 2.54}, "display_margin_guidelines": true, "enable_data_table_margin_autofix": false, "enabled_template_settings_persistence": false, "file_entity_id": "1a2b3c4d-5e6f-7g8h-9i0j-1k2l3m4n5o6p", "misconfigured_margins": false, "suggested_margins": {"bottom": 2.54, "top": 2.54}, "template_with_datatable": false}}
  getJourney:
    speakeasy-default-get-journey:
      parameters:
        path:
          id: "509cdffe-424f-457a-95c2-9708c304ce77"
        query: {}
      responses:
        "200":
          application/json: {"0": "<", "1": "v", "2": "a", "3": "l", "4": "u", "5": "e", "6": ">", "createdAt": "1728083977876", "lastModifiedAt": "<value>", "name": "<value>", "organizationId": "<id>", "revisions": 6451.24, "steps": [{"name": "<value>", "schema": "<value>", "uischema": "<value>"}, {"name": "<value>", "schema": "<value>", "uischema": "<value>"}, {"name": "<value>", "schema": "<value>", "uischema": "<value>"}], "version": 3426.2}
  getJourneyProducts:
    speakeasy-default-get-journey-products:
      parameters:
        path:
          id: "509cdffe-424f-457a-95c2-9708c304ce77"
        query: {}
      responses:
        "200":
          application/json: [{}, {}, {}]
  getJourneysByOrgId:
    speakeasy-default-get-journeys-by-org-id:
      parameters:
        path:
          id: "123"
        query:
          hydrate: "true"
      responses:
        "200":
          application/json: {}
  patchUpdateJourney:
    "":
      requestBody:
        application/json: {"journeyId": "509cdffe-424f-457a-95c2-9708c304ce77", "name": "New Journey Name", "steps[0].uischema.elements[0].products": ["123456", "654321"]}
  removeJourney:
    speakeasy-default-remove-journey:
      parameters:
        path:
          id: "509cdffe-424f-457a-95c2-9708c304ce77"
  searchJourneys:
    speakeasy-default-search-journeys:
      requestBody:
        application/json: {"from": 0, "q": "_tags:*Flex*", "size": 25, "sort": "_created_at:desc"}
      responses:
        "200":
          application/json: {"hits": 1, "results": [{"_created_at": "2020-01-01T00:00:00.000Z", "_id": "e0f8f8f8-f8f8-f8f8-f8f8-f8f8f8f8f8f8", "_manifest": ["123e4567-e89b-12d3-a456-426614174000"], "_org": "739224", "_schema": "journey", "_tags": ["Flex"], "_title": "Journey Entity Title", "_updated_at": "2020-01-01T00:00:00.000Z", "created_by": [{"id": "12345"}, {"id": "12345"}], "design": "Design EPILOT", "journey_id": "de7df470-253e-11ed-9174-116b8a718c0a", "journey_name": "Journey Name", "journey_type": "Sales template"}]}
  updateJourney: {}
  createJourneyV2:
    speakeasy-default-create-journey-v2:
      requestBody:
        application/json: {"_manifest": ["123e4567-e89b-12d3-a456-426614174000"], "name": "<value>", "steps": "<value>"}
      responses:
        "201":
          application/json: {"_manifest": ["123e4567-e89b-12d3-a456-426614174000"], "name": "<value>", "steps": "<value>"}
  getJourneyV2:
    speakeasy-default-get-journey-v2:
      parameters:
        path:
          id: "509cdffe-424f-457a-95c2-9708c304ce77"
      responses:
        "200":
          application/json: {"_manifest": ["123e4567-e89b-12d3-a456-426614174000"], "name": "<value>", "steps": "<value>"}
  patchUpdateJourneyV2:
    "":
      requestBody:
        application/json: {"journeyId": "509cdffe-424f-457a-95c2-9708c304ce77", "name": "New Journey Name", "steps[0].uischema.elements[0].products": ["123456", "654321"]}
      responses:
        "200":
          application/json: {"_manifest": ["123e4567-e89b-12d3-a456-426614174000"], "name": "<value>", "steps": "<value>"}
  removeJourneyV2:
    speakeasy-default-remove-journey-v2:
      parameters:
        path:
          id: "509cdffe-424f-457a-95c2-9708c304ce77"
  updateJourneyV2:
    speakeasy-default-update-journey-v2:
      requestBody:
        application/json: {"_manifest": ["123e4567-e89b-12d3-a456-426614174000"], "name": "<value>", "steps": "<value>"}
      responses:
        "200":
          application/json: {"_manifest": ["123e4567-e89b-12d3-a456-426614174000"], "name": "<value>", "steps": "<value>"}
examplesVersion: 1.0.0
generatedTests: {}
